
Microsoft Visual Studio Solution File, Format Version 12.00
# Visual Studio Version 17
VisualStudioVersion = 17.14.36518.9
MinimumVisualStudioVersion = 10.0.40219.1
Project("{FAE04EC0-301F-11D3-BF4B-00C04F79EFBC}") = "Kule savunma oyunu", "Kule savunma oyunu\Kule savunma oyunu.csproj", "{22E801D5-9561-4F79-A363-E6CE6D492339}"
EndProject
Global
	GlobalSection(SolutionConfigurationPlatforms) = preSolution
		Debug|Any CPU = Debug|Any CPU
		Release|Any CPU = Release|Any CPU
	EndGlobalSection
	GlobalSection(ProjectConfigurationPlatforms) = postSolution
		{22E801D5-9561-4F79-A363-E6CE6D492339}.Debug|Any CPU.ActiveCfg = Debug|Any CPU
		{22E801D5-9561-4F79-A363-E6CE6D492339}.Debug|Any CPU.Build.0 = Debug|Any CPU
		{22E801D5-9561-4F79-A363-E6CE6D492339}.Release|Any CPU.ActiveCfg = Release|Any CPU
		{22E801D5-9561-4F79-A363-E6CE6D492339}.Release|Any CPU.Build.0 = Release|Any CPU
	EndGlobalSection
	GlobalSection(SolutionProperties) = preSolution
		HideSolutionNode = FALSE
	EndGlobalSection
	GlobalSection(ExtensibilityGlobals) = postSolution
		SolutionGuid = {B2CAA8CC-525B-4ABE-9449-B225BD3B358C}
	EndGlobalSection
EndGlobal
